{
  "originHash" : "396f206ab4cc751ce4a758bb14027c1c0976ca154fa86e516c04647bb43d9fd1",
  "pins" : [
    {
      "identity" : "swift-syntax",
      "kind" : "remoteSourceControl",
      "location" : "https://github.com/swiftlang/swift-syntax.git",
      "state" : {
        "revision" : "050f1a346fbbac0ca2cfb15a95274f7bd1cf0ccf",
        "version" : "604.0.0"
      }
    },
    {
      "identity" : "swiftlintbinary",
      "kind" : "remoteSourceControl",
      "location" : "https://github.com/swiftty/SwiftLintBinary.git",
      "state" : {
        "revision" : "5e022c62218c2e9edd740067a3ad0ffbe8cf694e",
        "version" : "0.65.1"
      }
    },
    {
      "identity" : "xcodegenbinary",
      "kind" : "remoteSourceControl",
      "location" : "https://github.com/swiftty/XcodeGenBinary.git",
      "state" : {
        "revision" : "008599d664801a9916be28629ae877d572d56d95",
        "version" : "2.46.0"
      }
    }
  ],
  "version" : 3
}
