{
  "originHash" : "396f206ab4cc751ce4a758bb14027c1c0976ca154fa86e516c04647bb43d9fd1",
  "pins" : [
    {
      "identity" : "swift-syntax",
      "kind" : "remoteSourceControl",
      "location" : "https://github.com/swiftlang/swift-syntax.git",
      "state" : {
        "revision" : "9de99a78f099e59caf2b2beec65a4c45d54b2081",
        "version" : "603.0.1"
      }
    },
    {
      "identity" : "swiftlintbinary",
      "kind" : "remoteSourceControl",
      "location" : "https://github.com/swiftty/SwiftLintBinary.git",
      "state" : {
        "revision" : "5e022c62218c2e9edd740067a3ad0ffbe8cf694e",
        "version" : "0.65.1"
      }
    },
    {
      "identity" : "xcodegenbinary",
      "kind" : "remoteSourceControl",
      "location" : "https://github.com/swiftty/XcodeGenBinary.git",
      "state" : {
        "revision" : "5ed6b95f70de5df3f2a45eefef1d773ba559ac5b",
        "version" : "2.45.4"
      }
    }
  ],
  "version" : 3
}
